
Microsoft Visual Studio Solution File, Format Version 12.00
# 17
VisualStudioVersion = 17.0.31903.59
MinimumVisualStudioVersion = 10.0.40219.1
Project("{9A19103F-16F7-4668-BE54-9A1E7A4F7556}") = "Blogs", "Blogs\Blogs.csproj", "{3BD27B87-0761-4686-A062-8238A9C87529}"
EndProject
Project("{9A19103F-16F7-4668-BE54-9A1E7A4F7556}") = "Blogs.Client", "Blogs.Client\Blogs.Client.csproj", "{B9AE28DC-D547-4378-AE37-0DBEB85A22E6}"
EndProject
Project("{2150E333-8FDC-42A3-9474-1A3956D46DE8}") = "2. SRC", "2. SRC", "{1A0DECE7-7B44-4301-BDBC-8FE5B6376E06}"
EndProject
Project("{2150E333-8FDC-42A3-9474-1A3956D46DE8}") = "1. Solution Items", "1. Solution Items", "{CDD67BD8-4EBE-46C7-993F-5432916F7667}"
	ProjectSection(SolutionItems) = preProject
		src\.editorconfig = src\.editorconfig
		.editorconfig = .editorconfig
		..\.gitattributes = ..\.gitattributes
		..\.gitignore = ..\.gitignore
		global.json = global.json
		..\LICENSE.md = ..\LICENSE.md
		..\README.md = ..\README.md
		runsettings.xml = runsettings.xml
	EndProjectSection
EndProject
Project("{9A19103F-16F7-4668-BE54-9A1E7A4F7556}") = "Blogs.Service.MongoDb", "Blogs.Service.MongoDb\Blogs.Service.MongoDb.csproj", "{5BD0298B-5016-4DFE-9F0B-BE274FD4E3BF}"
EndProject
Project("{9A19103F-16F7-4668-BE54-9A1E7A4F7556}") = "Blogs.Service.Postgres", "Blogs.Service.Postgres\Blogs.Service.Postgres.csproj", "{8E6422AC-8A50-409A-888E-05D0818CFD17}"
EndProject
Project("{9A19103F-16F7-4668-BE54-9A1E7A4F7556}") = "Blogs.Shared", "Blogs.Shared\Blogs.Shared.csproj", "{E5B3FB71-92D7-4681-A932-8376485FFD35}"
EndProject
Project("{FAE04EC0-301F-11D3-BF4B-00C04F79EFBC}") = "Blogs.Tests.Bunit", "tests\Blogs.Tests.Bunit\Blogs.Tests.Bunit.csproj", "{8B5D805B-FF28-4D10-B17C-73195D21D7D3}"
EndProject
Project("{2150E333-8FDC-42A3-9474-1A3956D46DE8}") = "3. Tests", "3. Tests", "{C15B6529-AFB6-4B11-9761-A00A66A329B4}"
EndProject
Global
	GlobalSection(SolutionConfigurationPlatforms) = preSolution
		Debug|Any CPU = Debug|Any CPU
		Release|Any CPU = Release|Any CPU
	EndGlobalSection
	GlobalSection(ProjectConfigurationPlatforms) = postSolution
		{3BD27B87-0761-4686-A062-8238A9C87529}.Debug|Any CPU.ActiveCfg = Debug|Any CPU
		{3BD27B87-0761-4686-A062-8238A9C87529}.Debug|Any CPU.Build.0 = Debug|Any CPU
		{3BD27B87-0761-4686-A062-8238A9C87529}.Release|Any CPU.ActiveCfg = Release|Any CPU
		{3BD27B87-0761-4686-A062-8238A9C87529}.Release|Any CPU.Build.0 = Release|Any CPU
		{B9AE28DC-D547-4378-AE37-0DBEB85A22E6}.Debug|Any CPU.ActiveCfg = Debug|Any CPU
		{B9AE28DC-D547-4378-AE37-0DBEB85A22E6}.Debug|Any CPU.Build.0 = Debug|Any CPU
		{B9AE28DC-D547-4378-AE37-0DBEB85A22E6}.Release|Any CPU.ActiveCfg = Release|Any CPU
		{B9AE28DC-D547-4378-AE37-0DBEB85A22E6}.Release|Any CPU.Build.0 = Release|Any CPU
		{5BD0298B-5016-4DFE-9F0B-BE274FD4E3BF}.Debug|Any CPU.ActiveCfg = Debug|Any CPU
		{5BD0298B-5016-4DFE-9F0B-BE274FD4E3BF}.Debug|Any CPU.Build.0 = Debug|Any CPU
		{5BD0298B-5016-4DFE-9F0B-BE274FD4E3BF}.Release|Any CPU.ActiveCfg = Release|Any CPU
		{5BD0298B-5016-4DFE-9F0B-BE274FD4E3BF}.Release|Any CPU.Build.0 = Release|Any CPU
		{8E6422AC-8A50-409A-888E-05D0818CFD17}.Debug|Any CPU.ActiveCfg = Debug|Any CPU
		{8E6422AC-8A50-409A-888E-05D0818CFD17}.Debug|Any CPU.Build.0 = Debug|Any CPU
		{8E6422AC-8A50-409A-888E-05D0818CFD17}.Release|Any CPU.ActiveCfg = Release|Any CPU
		{8E6422AC-8A50-409A-888E-05D0818CFD17}.Release|Any CPU.Build.0 = Release|Any CPU
		{E5B3FB71-92D7-4681-A932-8376485FFD35}.Debug|Any CPU.ActiveCfg = Debug|Any CPU
		{E5B3FB71-92D7-4681-A932-8376485FFD35}.Debug|Any CPU.Build.0 = Debug|Any CPU
		{E5B3FB71-92D7-4681-A932-8376485FFD35}.Release|Any CPU.ActiveCfg = Release|Any CPU
		{E5B3FB71-92D7-4681-A932-8376485FFD35}.Release|Any CPU.Build.0 = Release|Any CPU
		{8B5D805B-FF28-4D10-B17C-73195D21D7D3}.Debug|Any CPU.ActiveCfg = Debug|Any CPU
		{8B5D805B-FF28-4D10-B17C-73195D21D7D3}.Debug|Any CPU.Build.0 = Debug|Any CPU
		{8B5D805B-FF28-4D10-B17C-73195D21D7D3}.Release|Any CPU.ActiveCfg = Release|Any CPU
		{8B5D805B-FF28-4D10-B17C-73195D21D7D3}.Release|Any CPU.Build.0 = Release|Any CPU
	EndGlobalSection
	GlobalSection(SolutionProperties) = preSolution
		HideSolutionNode = FALSE
	EndGlobalSection
	GlobalSection(NestedProjects) = preSolution
		{3BD27B87-0761-4686-A062-8238A9C87529} = {1A0DECE7-7B44-4301-BDBC-8FE5B6376E06}
		{B9AE28DC-D547-4378-AE37-0DBEB85A22E6} = {1A0DECE7-7B44-4301-BDBC-8FE5B6376E06}
		{5BD0298B-5016-4DFE-9F0B-BE274FD4E3BF} = {1A0DECE7-7B44-4301-BDBC-8FE5B6376E06}
		{8E6422AC-8A50-409A-888E-05D0818CFD17} = {1A0DECE7-7B44-4301-BDBC-8FE5B6376E06}
		{E5B3FB71-92D7-4681-A932-8376485FFD35} = {1A0DECE7-7B44-4301-BDBC-8FE5B6376E06}
		{8B5D805B-FF28-4D10-B17C-73195D21D7D3} = {C15B6529-AFB6-4B11-9761-A00A66A329B4}
	EndGlobalSection
	GlobalSection(ExtensibilityGlobals) = postSolution
		SolutionGuid = {FC5936F2-084C-425A-B7B1-C7DB74D005A1}
	EndGlobalSection
EndGlobal
